
Microsoft Visual Studio Solution File, Format Version 12.00
# Visual Studio 15
VisualStudioVersion = 15.0.26430.15
MinimumVisualStudioVersion = 10.0.40219.1
Project("{9A19103F-16F7-4668-BE54-9A1E7A4F7556}") = "DeveloperExperienceVS", "DeveloperExperienceVS\DeveloperExperienceVS.csproj", "{DBEC5297-3530-4C72-8D7D-9452D9A9CB95}"
EndProject
Project("{E53339B2-1760-4266-BCC7-CA923CBCF16C}") = "docker-compose", "docker-compose.dcproj", "{CBBA6C09-5FB1-49BB-858A-A771E23AF691}"
EndProject
Project("{FAE04EC0-301F-11D3-BF4B-00C04F79EFBC}") = "TestDeveloperExperienceVS", "..\TestDeveloperExperienceVS\TestDeveloperExperienceVS.csproj", "{655C941F-C152-4ECE-84F6-E1E6ED988388}"
EndProject
Global
	GlobalSection(SolutionConfigurationPlatforms) = preSolution
		Debug|Any CPU = Debug|Any CPU
		Release|Any CPU = Release|Any CPU
	EndGlobalSection
	GlobalSection(ProjectConfigurationPlatforms) = postSolution
		{DBEC5297-3530-4C72-8D7D-9452D9A9CB95}.Debug|Any CPU.ActiveCfg = Debug|Any CPU
		{DBEC5297-3530-4C72-8D7D-9452D9A9CB95}.Debug|Any CPU.Build.0 = Debug|Any CPU
		{DBEC5297-3530-4C72-8D7D-9452D9A9CB95}.Release|Any CPU.ActiveCfg = Release|Any CPU
		{DBEC5297-3530-4C72-8D7D-9452D9A9CB95}.Release|Any CPU.Build.0 = Release|Any CPU
		{CBBA6C09-5FB1-49BB-858A-A771E23AF691}.Debug|Any CPU.ActiveCfg = Debug|Any CPU
		{CBBA6C09-5FB1-49BB-858A-A771E23AF691}.Debug|Any CPU.Build.0 = Debug|Any CPU
		{CBBA6C09-5FB1-49BB-858A-A771E23AF691}.Release|Any CPU.ActiveCfg = Release|Any CPU
		{CBBA6C09-5FB1-49BB-858A-A771E23AF691}.Release|Any CPU.Build.0 = Release|Any CPU
		{655C941F-C152-4ECE-84F6-E1E6ED988388}.Debug|Any CPU.ActiveCfg = Debug|Any CPU
		{655C941F-C152-4ECE-84F6-E1E6ED988388}.Debug|Any CPU.Build.0 = Debug|Any CPU
		{655C941F-C152-4ECE-84F6-E1E6ED988388}.Release|Any CPU.ActiveCfg = Release|Any CPU
		{655C941F-C152-4ECE-84F6-E1E6ED988388}.Release|Any CPU.Build.0 = Release|Any CPU
	EndGlobalSection
	GlobalSection(SolutionProperties) = preSolution
		HideSolutionNode = FALSE
	EndGlobalSection
EndGlobal
